
Microsoft Visual Studio Solution File, Format Version 12.00
# Visual Studio 15
VisualStudioVersion = 15.0.26730.12
MinimumVisualStudioVersion = 10.0.40219.1
Project("{FAE04EC0-301F-11D3-BF4B-00C04F79EFBC}") = "Mqtt.Client.Service", "Mqtt.Client.Service\Mqtt.Client.Service.csproj", "{059FDE2B-F3BE-4997-96C3-30FC2FF6FD56}"
EndProject
Project("{FAE04EC0-301F-11D3-BF4B-00C04F79EFBC}") = "Mqtt.Client", "Mqtt.Client\Mqtt.Client.csproj", "{FDF1FB48-6EE4-47E4-B4A0-568366E532E2}"
EndProject
Global
	GlobalSection(SolutionConfigurationPlatforms) = preSolution
		Debug|Any CPU = Debug|Any CPU
		Release|Any CPU = Release|Any CPU
	EndGlobalSection
	GlobalSection(ProjectConfigurationPlatforms) = postSolution
		{059FDE2B-F3BE-4997-96C3-30FC2FF6FD56}.Debug|Any CPU.ActiveCfg = Debug|Any CPU
		{059FDE2B-F3BE-4997-96C3-30FC2FF6FD56}.Debug|Any CPU.Build.0 = Debug|Any CPU
		{059FDE2B-F3BE-4997-96C3-30FC2FF6FD56}.Release|Any CPU.ActiveCfg = Release|Any CPU
		{059FDE2B-F3BE-4997-96C3-30FC2FF6FD56}.Release|Any CPU.Build.0 = Release|Any CPU
		{FDF1FB48-6EE4-47E4-B4A0-568366E532E2}.Debug|Any CPU.ActiveCfg = Debug|Any CPU
		{FDF1FB48-6EE4-47E4-B4A0-568366E532E2}.Debug|Any CPU.Build.0 = Debug|Any CPU
		{FDF1FB48-6EE4-47E4-B4A0-568366E532E2}.Release|Any CPU.ActiveCfg = Release|Any CPU
		{FDF1FB48-6EE4-47E4-B4A0-568366E532E2}.Release|Any CPU.Build.0 = Release|Any CPU
	EndGlobalSection
	GlobalSection(SolutionProperties) = preSolution
		HideSolutionNode = FALSE
	EndGlobalSection
	GlobalSection(ExtensibilityGlobals) = postSolution
		SolutionGuid = {149E0751-1ED6-4C74-8989-27B94C7C8AEA}
	EndGlobalSection
EndGlobal
